
Microsoft Visual Studio Solution File, Format Version 12.00
# Visual Studio Version 17
VisualStudioVersion = 17.8.34309.116
MinimumVisualStudioVersion = 10.0.40219.1
Project("{9A19103F-16F7-4668-BE54-9A1E7A4F7556}") = "YeelightBulbControl", "YeelightBulbControl\YeelightBulbControl.csproj", "{999E07C9-523C-48A3-B98A-76BF015C21F6}"
EndProject
Project("{2150E333-8FDC-42A3-9474-1A3956D46DE8}") = "Solution Items", "Solution Items", "{C1CEB898-5932-4D30-BDC6-113E5292EBB7}"
	ProjectSection(SolutionItems) = preProject
		.editorconfig = .editorconfig
	EndProjectSection
EndProject
Global
	GlobalSection(SolutionConfigurationPlatforms) = preSolution
		Debug|Any CPU = Debug|Any CPU
		Release|Any CPU = Release|Any CPU
	EndGlobalSection
	GlobalSection(ProjectConfigurationPlatforms) = postSolution
		{999E07C9-523C-48A3-B98A-76BF015C21F6}.Debug|Any CPU.ActiveCfg = Debug|Any CPU
		{999E07C9-523C-48A3-B98A-76BF015C21F6}.Debug|Any CPU.Build.0 = Debug|Any CPU
		{999E07C9-523C-48A3-B98A-76BF015C21F6}.Release|Any CPU.ActiveCfg = Release|Any CPU
		{999E07C9-523C-48A3-B98A-76BF015C21F6}.Release|Any CPU.Build.0 = Release|Any CPU
	EndGlobalSection
	GlobalSection(SolutionProperties) = preSolution
		HideSolutionNode = FALSE
	EndGlobalSection
	GlobalSection(ExtensibilityGlobals) = postSolution
		SolutionGuid = {44A3A550-2D81-41EF-B1EE-056BE10DE253}
	EndGlobalSection
EndGlobal
